{
  "name": "kommissar",
  "version": "1.0.0",
  "lockfileVersion": 1,
  "requires": true,
  "dependencies": {
    "phoenix": {
      "version": "1.4.11",
      "resolved": "https://registry.npmjs.org/phoenix/-/phoenix-1.4.11.tgz",
      "integrity": "sha512-UkuqKB/+Uy9LNt15v1PpPeoLizcYwF4cFTi1wiMZ2TVX5+2Pj7MbRDFmoUFPc+Z1jsOE/TdQ6kzZohErWMiYlQ=="
    }
  }
}
